GEM
  remote: https://rubygems.org/
  specs:
    bigdecimal (4.0.1)
    csv (3.3.5)
    dotenv (3.2.0)
    httparty (0.24.2)
      csv
      mini_mime (>= 1.0.0)
      multi_xml (>= 0.5.2)
    mini_mime (1.1.5)
    mmh3 (1.2.0)
    multi_xml (0.8.1)
      bigdecimal (>= 3.1, < 5)
    nokogiri (1.19.1-x64-mingw-ucrt)
      racc (~> 1.4)
    numo-narray (0.9.2.1)
    numo-narray-alt (0.10.2)
    numo-optimize (0.3.0)
      numo-narray-alt (>= 0.9.9, < 0.11.0)
    racc (1.8.1)
    rumale (2.1.0)
      numo-narray-alt (>= 0.9.10, < 0.11.0)
      rumale-clustering (~> 2.1.0)
      rumale-core (~> 2.1.0)
      rumale-decomposition (~> 2.1.0)
      rumale-ensemble (~> 2.1.0)
      rumale-evaluation_measure (~> 2.1.0)
      rumale-feature_extraction (~> 2.1.0)
      rumale-kernel_approximation (~> 2.1.0)
      rumale-kernel_machine (~> 2.1.0)
      rumale-linear_model (~> 2.1.0)
      rumale-manifold (~> 2.1.0)
      rumale-metric_learning (~> 2.1.0)
      rumale-model_selection (~> 2.1.0)
      rumale-naive_bayes (~> 2.1.0)
      rumale-nearest_neighbors (~> 2.1.0)
      rumale-neural_network (~> 2.1.0)
      rumale-pipeline (~> 2.1.0)
      rumale-preprocessing (~> 2.1.0)
      rumale-tree (~> 2.1.0)
    rumale-clustering (2.1.0)
      numo-narray-alt (>= 0.9.10, < 0.11.0)
      rumale-core (~> 2.1.0)
    rumale-core (2.1.0)
      csv (>= 3.1.9)
      numo-narray-alt (>= 0.9.10, < 0.11.0)
    rumale-decomposition (2.1.0)
      numo-narray-alt (>= 0.9.10, < 0.11.0)
      rumale-core (~> 2.1.0)
    rumale-ensemble (2.1.0)
      numo-narray-alt (>= 0.9.10, < 0.11.0)
      rumale-core (~> 2.1.0)
      rumale-linear_model (~> 2.1.0)
      rumale-model_selection (~> 2.1.0)
      rumale-preprocessing (~> 2.1.0)
      rumale-tree (~> 2.1.0)
    rumale-evaluation_measure (2.1.0)
      numo-narray-alt (>= 0.9.10, < 0.11.0)
      rumale-core (~> 2.1.0)
    rumale-feature_extraction (2.1.0)
      mmh3 (~> 1.0)
      numo-narray-alt (>= 0.9.10, < 0.11.0)
      rumale-core (~> 2.1.0)
    rumale-kernel_approximation (2.1.0)
      numo-narray-alt (>= 0.9.10, < 0.11.0)
      rumale-core (~> 2.1.0)
    rumale-kernel_machine (2.1.0)
      numo-narray-alt (>= 0.9.10, < 0.11.0)
      rumale-core (~> 2.1.0)
    rumale-linear_model (2.1.0)
      numo-narray-alt (>= 0.9.10, < 0.11.0)
      numo-optimize (>= 0.2.2, < 1.0.0)
      rumale-core (~> 2.1.0)
    rumale-manifold (2.1.0)
      numo-narray-alt (>= 0.9.10, < 0.11.0)
      rumale-core (~> 2.1.0)
      rumale-decomposition (~> 2.1.0)
    rumale-metric_learning (2.1.0)
      numo-narray-alt (>= 0.9.10, < 0.11.0)
      numo-optimize (>= 0.2.2, < 1.0.0)
      rumale-core (~> 2.1.0)
      rumale-decomposition (~> 2.1.0)
    rumale-model_selection (2.1.0)
      numo-narray-alt (>= 0.9.10, < 0.11.0)
      rumale-core (~> 2.1.0)
      rumale-evaluation_measure (~> 2.1.0)
      rumale-preprocessing (~> 2.1.0)
    rumale-naive_bayes (2.1.0)
      numo-narray-alt (>= 0.9.10, < 0.11.0)
      rumale-core (~> 2.1.0)
    rumale-nearest_neighbors (2.1.0)
      numo-narray-alt (>= 0.9.10, < 0.11.0)
      rumale-core (~> 2.1.0)
    rumale-neural_network (2.1.0)
      numo-narray-alt (>= 0.9.10, < 0.11.0)
      rumale-core (~> 2.1.0)
    rumale-pipeline (2.1.0)
      numo-narray-alt (>= 0.9.10, < 0.11.0)
      rumale-core (~> 2.1.0)
    rumale-preprocessing (2.1.0)
      numo-narray-alt (>= 0.9.10, < 0.11.0)
      rumale-core (~> 2.1.0)
    rumale-tree (2.1.0)
      numo-narray-alt (>= 0.9.10, < 0.11.0)
      rumale-core (~> 2.1.0)

PLATFORMS
  x64-mingw-ucrt

DEPENDENCIES
  dotenv
  httparty
  nokogiri
  numo-narray
  rumale

RUBY VERSION
   ruby 3.3.10p183

BUNDLED WITH
   2.5.23
